
Microsoft Visual Studio Solution File, Format Version 12.00
# Visual Studio Version 17
VisualStudioVersion = 17.5.002.0
MinimumVisualStudioVersion = 10.0.40219.1
Project("{9A19103F-16F7-4668-BE54-9A1E7A4F7556}") = "baitap1", "baitap1.csproj", "{74A7E264-CC55-4710-9AB1-9B2B02AC8EAC}"
EndProject
Global
	GlobalSection(SolutionConfigurationPlatforms) = preSolution
		Debug|Any CPU = Debug|Any CPU
		Release|Any CPU = Release|Any CPU
	EndGlobalSection
	GlobalSection(ProjectConfigurationPlatforms) = postSolution
		{74A7E264-CC55-4710-9AB1-9B2B02AC8EAC}.Debug|Any CPU.ActiveCfg = Debug|Any CPU
		{74A7E264-CC55-4710-9AB1-9B2B02AC8EAC}.Debug|Any CPU.Build.0 = Debug|Any CPU
		{74A7E264-CC55-4710-9AB1-9B2B02AC8EAC}.Release|Any CPU.ActiveCfg = Release|Any CPU
		{74A7E264-CC55-4710-9AB1-9B2B02AC8EAC}.Release|Any CPU.Build.0 = Release|Any CPU
	EndGlobalSection
	GlobalSection(SolutionProperties) = preSolution
		HideSolutionNode = FALSE
	EndGlobalSection
	GlobalSection(ExtensibilityGlobals) = postSolution
		SolutionGuid = {B94A480A-5120-41C9-92CC-8750CA9FB985}
	EndGlobalSection
EndGlobal
