
Microsoft Visual Studio Solution File, Format Version 12.00
# Visual Studio Version 17
VisualStudioVersion = 17.5.002.0
MinimumVisualStudioVersion = 10.0.40219.1
Project("{9A19103F-16F7-4668-BE54-9A1E7A4F7556}") = "baitap2", "baitap2.csproj", "{C9E5CCE6-0570-4AD3-909F-E2BFEFB82119}"
EndProject
Global
	GlobalSection(SolutionConfigurationPlatforms) = preSolution
		Debug|Any CPU = Debug|Any CPU
		Release|Any CPU = Release|Any CPU
	EndGlobalSection
	GlobalSection(ProjectConfigurationPlatforms) = postSolution
		{C9E5CCE6-0570-4AD3-909F-E2BFEFB82119}.Debug|Any CPU.ActiveCfg = Debug|Any CPU
		{C9E5CCE6-0570-4AD3-909F-E2BFEFB82119}.Debug|Any CPU.Build.0 = Debug|Any CPU
		{C9E5CCE6-0570-4AD3-909F-E2BFEFB82119}.Release|Any CPU.ActiveCfg = Release|Any CPU
		{C9E5CCE6-0570-4AD3-909F-E2BFEFB82119}.Release|Any CPU.Build.0 = Release|Any CPU
	EndGlobalSection
	GlobalSection(SolutionProperties) = preSolution
		HideSolutionNode = FALSE
	EndGlobalSection
	GlobalSection(ExtensibilityGlobals) = postSolution
		SolutionGuid = {FA02DE6A-01EB-4065-B6B1-2CA0D4F03483}
	EndGlobalSection
EndGlobal
